
Microsoft Visual Studio Solution File, Format Version 12.00
# Visual Studio Version 17
VisualStudioVersion = 17.7.34221.43
MinimumVisualStudioVersion = 10.0.40219.1
Project("{2150E333-8FDC-42A3-9474-1A3956D46DE8}") = "src", "src", "{69404909-A4B4-4AAD-86EE-D997EE0AA8D2}"
EndProject
Project("{2150E333-8FDC-42A3-9474-1A3956D46DE8}") = "Api", "Api", "{19E9022D-5919-489B-A388-8AE096BE549F}"
EndProject
Project("{2150E333-8FDC-42A3-9474-1A3956D46DE8}") = "Clients", "Clients", "{1622AD3E-5CE5-4084-B836-841CD71CCC5B}"
EndProject
Project("{2150E333-8FDC-42A3-9474-1A3956D46DE8}") = "Common", "Common", "{38A4BC82-99A6-449C-B0D0-4304DD26CF8A}"
EndProject
Project("{2150E333-8FDC-42A3-9474-1A3956D46DE8}") = "Projections", "Projections", "{95862737-D2E4-4468-9CEB-B0BB41C76CFB}"
EndProject
Project("{2150E333-8FDC-42A3-9474-1A3956D46DE8}") = "Core", "Core", "{CA9CAF96-9CC2-417C-BE82-8DED7EF7D786}"
EndProject
Project("{2150E333-8FDC-42A3-9474-1A3956D46DE8}") = "Infrastructure", "Infrastructure", "{CA23C9D8-DC12-49E1-975C-54D6EEBE5866}"
EndProject
Project("{2150E333-8FDC-42A3-9474-1A3956D46DE8}") = "WebApi", "WebApi", "{D4B08EF9-7C0D-4CE5-BE57-EB6CDC4B404D}"
EndProject
Project("{2150E333-8FDC-42A3-9474-1A3956D46DE8}") = "BlazorWeb", "BlazorWeb", "{4F581D22-FCCA-493D-8596-0152E8E1A037}"
EndProject
Project("{FAE04EC0-301F-11D3-BF4B-00C04F79EFBC}") = "BlazorSozluk.Common", "src\Common\BlazorSozluk.Common\BlazorSozluk.Common.csproj", "{74E9E572-9901-4781-A061-FFB5173FB7D7}"
EndProject
Project("{FAE04EC0-301F-11D3-BF4B-00C04F79EFBC}") = "BlazorSozluk.Api.Domain", "src\Api\Core\BlazorSozluk.Api.Domain\BlazorSozluk.Api.Domain.csproj", "{C35F97B3-60EF-4874-A277-C0A7DA4FCA14}"
EndProject
Project("{FAE04EC0-301F-11D3-BF4B-00C04F79EFBC}") = "BlazorSozluk.Api.Application", "src\Api\Core\BlazorSozluk.Api.Application\BlazorSozluk.Api.Application.csproj", "{9EC13948-7AF6-464C-86B3-FB9BA27F28EE}"
EndProject
Project("{FAE04EC0-301F-11D3-BF4B-00C04F79EFBC}") = "BlazorSozluk.Infrastructure.Persistence", "src\Api\Infrastructure\BlazorSozluk.Infrastructure.Persistence\BlazorSozluk.Infrastructure.Persistence.csproj", "{E8F31A44-6763-47DA-B9A3-89B68DC067DC}"
EndProject
Project("{FAE04EC0-301F-11D3-BF4B-00C04F79EFBC}") = "BlazorSozluk.Api.WebApi", "src\Api\WebApi\BlazorSozluk.Api.WebApi\BlazorSozluk.Api.WebApi.csproj", "{96038314-3646-44F3-AF6A-62BCA821F566}"
EndProject
Project("{FAE04EC0-301F-11D3-BF4B-00C04F79EFBC}") = "BlazorSozluk.Projections.FavouriteService", "src\Projections\BlazorSozluk.Projections.FavouriteService\BlazorSozluk.Projections.FavouriteService.csproj", "{CF4DE696-B1C2-4DAD-A8D2-C922BF08D708}"
EndProject
Project("{FAE04EC0-301F-11D3-BF4B-00C04F79EFBC}") = "BlazorSozluk.Projections.UserService", "src\Projections\BlazorSozluk.Projections.UserService\BlazorSozluk.Projections.UserService.csproj", "{38209CBF-9848-4B3D-919F-5E63AC9EC02A}"
EndProject
Project("{FAE04EC0-301F-11D3-BF4B-00C04F79EFBC}") = "BlazorSozluk.Projections.VoteService", "src\Projections\BlazorSozluk.Projections.VoteService\BlazorSozluk.Projections.VoteService.csproj", "{2D88718E-184C-47B0-BDD5-36022B1DF623}"
EndProject
Project("{FAE04EC0-301F-11D3-BF4B-00C04F79EFBC}") = "BlazorSozlul.WebApp", "src\Clients\BlazorWeb\BlazorSozlul.WebApp\BlazorSozlul.WebApp.csproj", "{F7B23530-8C3D-46C9-9528-713D0650CC58}"
EndProject
Global
	GlobalSection(SolutionConfigurationPlatforms) = preSolution
		Debug|Any CPU = Debug|Any CPU
		Release|Any CPU = Release|Any CPU
	EndGlobalSection
	GlobalSection(ProjectConfigurationPlatforms) = postSolution
		{74E9E572-9901-4781-A061-FFB5173FB7D7}.Debug|Any CPU.ActiveCfg = Debug|Any CPU
		{74E9E572-9901-4781-A061-FFB5173FB7D7}.Debug|Any CPU.Build.0 = Debug|Any CPU
		{74E9E572-9901-4781-A061-FFB5173FB7D7}.Release|Any CPU.ActiveCfg = Release|Any CPU
		{74E9E572-9901-4781-A061-FFB5173FB7D7}.Release|Any CPU.Build.0 = Release|Any CPU
		{C35F97B3-60EF-4874-A277-C0A7DA4FCA14}.Debug|Any CPU.ActiveCfg = Debug|Any CPU
		{C35F97B3-60EF-4874-A277-C0A7DA4FCA14}.Debug|Any CPU.Build.0 = Debug|Any CPU
		{C35F97B3-60EF-4874-A277-C0A7DA4FCA14}.Release|Any CPU.ActiveCfg = Release|Any CPU
		{C35F97B3-60EF-4874-A277-C0A7DA4FCA14}.Release|Any CPU.Build.0 = Release|Any CPU
		{9EC13948-7AF6-464C-86B3-FB9BA27F28EE}.Debug|Any CPU.ActiveCfg = Debug|Any CPU
		{9EC13948-7AF6-464C-86B3-FB9BA27F28EE}.Debug|Any CPU.Build.0 = Debug|Any CPU
		{9EC13948-7AF6-464C-86B3-FB9BA27F28EE}.Release|Any CPU.ActiveCfg = Release|Any CPU
		{9EC13948-7AF6-464C-86B3-FB9BA27F28EE}.Release|Any CPU.Build.0 = Release|Any CPU
		{E8F31A44-6763-47DA-B9A3-89B68DC067DC}.Debug|Any CPU.ActiveCfg = Debug|Any CPU
		{E8F31A44-6763-47DA-B9A3-89B68DC067DC}.Debug|Any CPU.Build.0 = Debug|Any CPU
		{E8F31A44-6763-47DA-B9A3-89B68DC067DC}.Release|Any CPU.ActiveCfg = Release|Any CPU
		{E8F31A44-6763-47DA-B9A3-89B68DC067DC}.Release|Any CPU.Build.0 = Release|Any CPU
		{96038314-3646-44F3-AF6A-62BCA821F566}.Debug|Any CPU.ActiveCfg = Debug|Any CPU
		{96038314-3646-44F3-AF6A-62BCA821F566}.Debug|Any CPU.Build.0 = Debug|Any CPU
		{96038314-3646-44F3-AF6A-62BCA821F566}.Release|Any CPU.ActiveCfg = Release|Any CPU
		{96038314-3646-44F3-AF6A-62BCA821F566}.Release|Any CPU.Build.0 = Release|Any CPU
		{CF4DE696-B1C2-4DAD-A8D2-C922BF08D708}.Debug|Any CPU.ActiveCfg = Debug|Any CPU
		{CF4DE696-B1C2-4DAD-A8D2-C922BF08D708}.Debug|Any CPU.Build.0 = Debug|Any CPU
		{CF4DE696-B1C2-4DAD-A8D2-C922BF08D708}.Release|Any CPU.ActiveCfg = Release|Any CPU
		{CF4DE696-B1C2-4DAD-A8D2-C922BF08D708}.Release|Any CPU.Build.0 = Release|Any CPU
		{38209CBF-9848-4B3D-919F-5E63AC9EC02A}.Debug|Any CPU.ActiveCfg = Debug|Any CPU
		{38209CBF-9848-4B3D-919F-5E63AC9EC02A}.Debug|Any CPU.Build.0 = Debug|Any CPU
		{38209CBF-9848-4B3D-919F-5E63AC9EC02A}.Release|Any CPU.ActiveCfg = Release|Any CPU
		{38209CBF-9848-4B3D-919F-5E63AC9EC02A}.Release|Any CPU.Build.0 = Release|Any CPU
		{2D88718E-184C-47B0-BDD5-36022B1DF623}.Debug|Any CPU.ActiveCfg = Debug|Any CPU
		{2D88718E-184C-47B0-BDD5-36022B1DF623}.Debug|Any CPU.Build.0 = Debug|Any CPU
		{2D88718E-184C-47B0-BDD5-36022B1DF623}.Release|Any CPU.ActiveCfg = Release|Any CPU
		{2D88718E-184C-47B0-BDD5-36022B1DF623}.Release|Any CPU.Build.0 = Release|Any CPU
		{F7B23530-8C3D-46C9-9528-713D0650CC58}.Debug|Any CPU.ActiveCfg = Debug|Any CPU
		{F7B23530-8C3D-46C9-9528-713D0650CC58}.Debug|Any CPU.Build.0 = Debug|Any CPU
		{F7B23530-8C3D-46C9-9528-713D0650CC58}.Release|Any CPU.ActiveCfg = Release|Any CPU
		{F7B23530-8C3D-46C9-9528-713D0650CC58}.Release|Any CPU.Build.0 = Release|Any CPU
	EndGlobalSection
	GlobalSection(SolutionProperties) = preSolution
		HideSolutionNode = FALSE
	EndGlobalSection
	GlobalSection(NestedProjects) = preSolution
		{19E9022D-5919-489B-A388-8AE096BE549F} = {69404909-A4B4-4AAD-86EE-D997EE0AA8D2}
		{1622AD3E-5CE5-4084-B836-841CD71CCC5B} = {69404909-A4B4-4AAD-86EE-D997EE0AA8D2}
		{38A4BC82-99A6-449C-B0D0-4304DD26CF8A} = {69404909-A4B4-4AAD-86EE-D997EE0AA8D2}
		{95862737-D2E4-4468-9CEB-B0BB41C76CFB} = {69404909-A4B4-4AAD-86EE-D997EE0AA8D2}
		{CA9CAF96-9CC2-417C-BE82-8DED7EF7D786} = {19E9022D-5919-489B-A388-8AE096BE549F}
		{CA23C9D8-DC12-49E1-975C-54D6EEBE5866} = {19E9022D-5919-489B-A388-8AE096BE549F}
		{D4B08EF9-7C0D-4CE5-BE57-EB6CDC4B404D} = {19E9022D-5919-489B-A388-8AE096BE549F}
		{4F581D22-FCCA-493D-8596-0152E8E1A037} = {1622AD3E-5CE5-4084-B836-841CD71CCC5B}
		{74E9E572-9901-4781-A061-FFB5173FB7D7} = {38A4BC82-99A6-449C-B0D0-4304DD26CF8A}
		{C35F97B3-60EF-4874-A277-C0A7DA4FCA14} = {CA9CAF96-9CC2-417C-BE82-8DED7EF7D786}
		{9EC13948-7AF6-464C-86B3-FB9BA27F28EE} = {CA9CAF96-9CC2-417C-BE82-8DED7EF7D786}
		{E8F31A44-6763-47DA-B9A3-89B68DC067DC} = {CA23C9D8-DC12-49E1-975C-54D6EEBE5866}
		{96038314-3646-44F3-AF6A-62BCA821F566} = {D4B08EF9-7C0D-4CE5-BE57-EB6CDC4B404D}
		{CF4DE696-B1C2-4DAD-A8D2-C922BF08D708} = {95862737-D2E4-4468-9CEB-B0BB41C76CFB}
		{38209CBF-9848-4B3D-919F-5E63AC9EC02A} = {95862737-D2E4-4468-9CEB-B0BB41C76CFB}
		{2D88718E-184C-47B0-BDD5-36022B1DF623} = {95862737-D2E4-4468-9CEB-B0BB41C76CFB}
		{F7B23530-8C3D-46C9-9528-713D0650CC58} = {4F581D22-FCCA-493D-8596-0152E8E1A037}
	EndGlobalSection
	GlobalSection(ExtensibilityGlobals) = postSolution
		SolutionGuid = {AB39477F-A645-4257-97C5-0437FA256559}
	EndGlobalSection
EndGlobal
